
Microsoft Visual Studio Solution File, Format Version 12.00
# Visual Studio Version 16
VisualStudioVersion = 16.0.30804.86
MinimumVisualStudioVersion = 10.0.40219.1
Project("{00D1A9C2-B5F0-4AF3-8072-F6C62B433612}") = "DinnersDB", "DinnersDB\DinnersDB.sqlproj", "{2A90AA26-495F-4B26-8D08-425F2CFDB166}"
EndProject
Project("{FAE04EC0-301F-11D3-BF4B-00C04F79EFBC}") = "DataLibrary", "DataLibrary\DataLibrary.csproj", "{054241D6-213D-4AEF-878B-127BE2D02004}"
EndProject
Global
	GlobalSection(SolutionConfigurationPlatforms) = preSolution
		Debug|Any CPU = Debug|Any CPU
		Release|Any CPU = Release|Any CPU
	EndGlobalSection
	GlobalSection(ProjectConfigurationPlatforms) = postSolution
		{2A90AA26-495F-4B26-8D08-425F2CFDB166}.Debug|Any CPU.ActiveCfg = Debug|Any CPU
		{2A90AA26-495F-4B26-8D08-425F2CFDB166}.Debug|Any CPU.Build.0 = Debug|Any CPU
		{2A90AA26-495F-4B26-8D08-425F2CFDB166}.Debug|Any CPU.Deploy.0 = Debug|Any CPU
		{2A90AA26-495F-4B26-8D08-425F2CFDB166}.Release|Any CPU.ActiveCfg = Release|Any CPU
		{2A90AA26-495F-4B26-8D08-425F2CFDB166}.Release|Any CPU.Build.0 = Release|Any CPU
		{2A90AA26-495F-4B26-8D08-425F2CFDB166}.Release|Any CPU.Deploy.0 = Release|Any CPU
		{054241D6-213D-4AEF-878B-127BE2D02004}.Debug|Any CPU.ActiveCfg = Debug|Any CPU
		{054241D6-213D-4AEF-878B-127BE2D02004}.Debug|Any CPU.Build.0 = Debug|Any CPU
		{054241D6-213D-4AEF-878B-127BE2D02004}.Release|Any CPU.ActiveCfg = Release|Any CPU
		{054241D6-213D-4AEF-878B-127BE2D02004}.Release|Any CPU.Build.0 = Release|Any CPU
	EndGlobalSection
	GlobalSection(SolutionProperties) = preSolution
		HideSolutionNode = FALSE
	EndGlobalSection
	GlobalSection(ExtensibilityGlobals) = postSolution
		SolutionGuid = {47B1FD8D-1ABE-4C56-A052-763E53FF54C7}
	EndGlobalSection
EndGlobal
